
Microsoft Visual Studio Solution File, Format Version 12.00
# Visual Studio Version 16
VisualStudioVersion = 16.0.29519.87
MinimumVisualStudioVersion = 10.0.40219.1
Project("{9A19103F-16F7-4668-BE54-9A1E7A4F7556}") = "WebApi", "WebApi\WebApi.csproj", "{6A17B34C-430C-4427-ADB1-E097450C9315}"
EndProject
Project("{FAE04EC0-301F-11D3-BF4B-00C04F79EFBC}") = "Utility", "Utilitys\Utility.csproj", "{023CA8B1-B128-475C-8CCB-164DC15956F7}"
EndProject
Global
	GlobalSection(SolutionConfigurationPlatforms) = preSolution
		Debug|Any CPU = Debug|Any CPU
		Release|Any CPU = Release|Any CPU
	EndGlobalSection
	GlobalSection(ProjectConfigurationPlatforms) = postSolution
		{6A17B34C-430C-4427-ADB1-E097450C9315}.Debug|Any CPU.ActiveCfg = Debug|Any CPU
		{6A17B34C-430C-4427-ADB1-E097450C9315}.Debug|Any CPU.Build.0 = Debug|Any CPU
		{6A17B34C-430C-4427-ADB1-E097450C9315}.Release|Any CPU.ActiveCfg = Release|Any CPU
		{6A17B34C-430C-4427-ADB1-E097450C9315}.Release|Any CPU.Build.0 = Release|Any CPU
		{023CA8B1-B128-475C-8CCB-164DC15956F7}.Debug|Any CPU.ActiveCfg = Debug|Any CPU
		{023CA8B1-B128-475C-8CCB-164DC15956F7}.Debug|Any CPU.Build.0 = Debug|Any CPU
		{023CA8B1-B128-475C-8CCB-164DC15956F7}.Release|Any CPU.ActiveCfg = Release|Any CPU
		{023CA8B1-B128-475C-8CCB-164DC15956F7}.Release|Any CPU.Build.0 = Release|Any CPU
	EndGlobalSection
	GlobalSection(SolutionProperties) = preSolution
		HideSolutionNode = FALSE
	EndGlobalSection
	GlobalSection(ExtensibilityGlobals) = postSolution
		SolutionGuid = {7D6D574B-5BD6-44B2-9943-503DBB4FCD93}
	EndGlobalSection
EndGlobal
